// !$*UTF8*$!
{
	archiveVersion = 1;
	classes = {
	};
	objectVersion = 46;
	objects = {

/* Begin PBXAggregateTarget section */
		434C420012199B1800EF706E /* Generate documentation */ = {
			isa = PBXAggregateTarget;
			buildConfigurationList = 434C420612199B4C00EF706E /* Build configuration list for PBXAggregateTarget "Generate documentation" */;
			buildPhases = (
				434C41FF12199B1800EF706E /* ShellScript */,
			);
			dependencies = (
			);
			name = "Generate documentation";
			productName = "Generate documentation";
		};
/* End PBXAggregateTarget section */

/* Begin PBXBuildFile section */
		0BF61B02160B6F04003ABB97 /* CameraImpl.cpp in Sources */ = {isa = PBXBuildFile; fileRef = 0BF61AFF160B6F04003ABB97 /* CameraImpl.cpp */; };
		0BF61B46160B71F6003ABB97 /* libxml2.2.dylib in Frameworks */ = {isa = PBXBuildFile; fileRef = 0BF61B45160B71F6003ABB97 /* libxml2.2.dylib */; };
		0BF61B49160B7288003ABB97 /* Hull.cpp in Sources */ = {isa = PBXBuildFile; fileRef = 0BF61B48160B7288003ABB97 /* Hull.cpp */; };
		0BF61B4B160B72A4003ABB97 /* CameraFactory.cpp in Sources */ = {isa = PBXBuildFile; fileRef = 0BF61AFE160B6F04003ABB97 /* CameraFactory.cpp */; };
		0BF61B4C160B72B9003ABB97 /* CameraAdvImpl.cpp in Sources */ = {isa = PBXBuildFile; fileRef = 0BF61AFD160B6F04003ABB97 /* CameraAdvImpl.cpp */; };
		0BF61B4D160B72C8003ABB97 /* BCH.cpp in Sources */ = {isa = PBXBuildFile; fileRef = 0BF61AFA160B6EEC003ABB97 /* BCH.cpp */; };
		0BF61B4E160B7335003ABB97 /* byteSwap.cpp in Sources */ = {isa = PBXBuildFile; fileRef = 0BF61AFC160B6EF8003ABB97 /* byteSwap.cpp */; };
		1D60589B0D05DD56006BFB54 /* main.m in Sources */ = {isa = PBXBuildFile; fileRef = 29B97316FDCFA39411CA2CEA /* main.m */; };
		1D60589F0D05DD5A006BFB54 /* Foundation.framework in Frameworks */ = {isa = PBXBuildFile; fileRef = 1D30AB110D05D00D00671497 /* Foundation.framework */; };
		1DF5F4E00D08C38300B7A737 /* UIKit.framework in Frameworks */ = {isa = PBXBuildFile; fileRef = 1DF5F4DF0D08C38300B7A737 /* UIKit.framework */; };
		288765A50DF7441C002DB57D /* CoreGraphics.framework in Frameworks */ = {isa = PBXBuildFile; fileRef = 288765A40DF7441C002DB57D /* CoreGraphics.framework */; };
		43465EAA1213E9EC00972295 /* camera_para.dat in Resources */ = {isa = PBXBuildFile; fileRef = 43465E4D1213E9EC00972295 /* camera_para.dat */; };
		43465EC71213E9EC00972295 /* BCH_original.txt in Resources */ = {isa = PBXBuildFile; fileRef = 43465E8C1213E9EC00972295 /* BCH_original.txt */; };
		43465EC81213E9EC00972295 /* FixedPoint.cpp in Sources */ = {isa = PBXBuildFile; fileRef = 43465E8D1213E9EC00972295 /* FixedPoint.cpp */; };
		43465EC91213E9EC00972295 /* Profiler.cpp in Sources */ = {isa = PBXBuildFile; fileRef = 43465E8F1213E9EC00972295 /* Profiler.cpp */; };
		43465ECA1213E9EC00972295 /* librpp.cpp in Sources */ = {isa = PBXBuildFile; fileRef = 43465E911213E9EC00972295 /* librpp.cpp */; };
		43465ECE1213E9EC00972295 /* rpp.cpp in Sources */ = {isa = PBXBuildFile; fileRef = 43465E971213E9EC00972295 /* rpp.cpp */; };
		43465ECF1213E9EC00972295 /* rpp_quintic.cpp in Sources */ = {isa = PBXBuildFile; fileRef = 43465E9A1213E9EC00972295 /* rpp_quintic.cpp */; };
		43465ED01213E9EC00972295 /* rpp_svd.cpp in Sources */ = {isa = PBXBuildFile; fileRef = 43465E9B1213E9EC00972295 /* rpp_svd.cpp */; };
		43465ED11213E9EC00972295 /* rpp_vecmat.cpp in Sources */ = {isa = PBXBuildFile; fileRef = 43465E9D1213E9EC00972295 /* rpp_vecmat.cpp */; };
		43465ED21213E9EC00972295 /* MemoryManager.cpp in Sources */ = {isa = PBXBuildFile; fileRef = 43465EA41213E9EC00972295 /* MemoryManager.cpp */; };
		43465ED31213E9EC00972295 /* MemoryManagerMemMap.cpp in Sources */ = {isa = PBXBuildFile; fileRef = 43465EA51213E9EC00972295 /* MemoryManagerMemMap.cpp */; };
		43465ED41213E9EC00972295 /* src.pro in Resources */ = {isa = PBXBuildFile; fileRef = 43465EA61213E9EC00972295 /* src.pro */; };
		43465EED1213E9FF00972295 /* ARToolKitPlusWrapper.mm in Sources */ = {isa = PBXBuildFile; fileRef = 43465EDA1213E9FF00972295 /* ARToolKitPlusWrapper.mm */; };
		43465EEE1213E9FF00972295 /* VRApiAppDelegate.m in Sources */ = {isa = PBXBuildFile; fileRef = 43465EDC1213E9FF00972295 /* VRApiAppDelegate.m */; };
		43465EEF1213E9FF00972295 /* EAGLView.m in Sources */ = {isa = PBXBuildFile; fileRef = 43465EDE1213E9FF00972295 /* EAGLView.m */; };
		43465EF01213E9FF00972295 /* Object3D.m in Sources */ = {isa = PBXBuildFile; fileRef = 43465EE01213E9FF00972295 /* Object3D.m */; };
		43465EF11213E9FF00972295 /* Object3DParametersViewController.m in Sources */ = {isa = PBXBuildFile; fileRef = 43465EE21213E9FF00972295 /* Object3DParametersViewController.m */; };
		43465EF21213E9FF00972295 /* VRViewController.m in Sources */ = {isa = PBXBuildFile; fileRef = 43465EE51213E9FF00972295 /* VRViewController.m */; };
		43465EF31213E9FF00972295 /* WavefrontParser.m in Sources */ = {isa = PBXBuildFile; fileRef = 43465EE71213E9FF00972295 /* WavefrontParser.m */; };
		43465EF51213E9FF00972295 /* GDataXMLNode.m in Sources */ = {isa = PBXBuildFile; fileRef = 43465EEC1213E9FF00972295 /* GDataXMLNode.m */; };
		43465EFE1213EA0A00972295 /* VRViewController.xib in Resources */ = {isa = PBXBuildFile; fileRef = 43465EFB1213EA0A00972295 /* VRViewController.xib */; };
		43465EFF1213EA0A00972295 /* MainWindow.xib in Resources */ = {isa = PBXBuildFile; fileRef = 43465EFC1213EA0A00972295 /* MainWindow.xib */; };
		43465F001213EA0A00972295 /* Object3DParametersViewController.xib in Resources */ = {isa = PBXBuildFile; fileRef = 43465EFD1213EA0A00972295 /* Object3DParametersViewController.xib */; };
		43465F0A1213EA4000972295 /* animate.png in Resources */ = {isa = PBXBuildFile; fileRef = 43465F041213EA4000972295 /* animate.png */; };
		43465F0B1213EA4000972295 /* cross.png in Resources */ = {isa = PBXBuildFile; fileRef = 43465F051213EA4000972295 /* cross.png */; };
		43465F0C1213EA4000972295 /* envelope.png in Resources */ = {isa = PBXBuildFile; fileRef = 43465F061213EA4000972295 /* envelope.png */; };
		43465F0D1213EA4000972295 /* gear.png in Resources */ = {isa = PBXBuildFile; fileRef = 43465F071213EA4000972295 /* gear.png */; };
		43465F0E1213EA4000972295 /* save.png in Resources */ = {isa = PBXBuildFile; fileRef = 43465F081213EA4000972295 /* save.png */; };
		43465FDB1213F1DB00972295 /* apple.obj in Resources */ = {isa = PBXBuildFile; fileRef = 43465FC61213F1DB00972295 /* apple.obj */; };
		43465FDC1213F1DB00972295 /* apple.png in Resources */ = {isa = PBXBuildFile; fileRef = 43465FC71213F1DB00972295 /* apple.png */; };
		43465FDD1213F1DB00972295 /* apple.xml in Resources */ = {isa = PBXBuildFile; fileRef = 43465FC81213F1DB00972295 /* apple.xml */; };
		43465FDE1213F1DB00972295 /* banana.jpg in Resources */ = {isa = PBXBuildFile; fileRef = 43465FCB1213F1DB00972295 /* banana.jpg */; };
		43465FDF1213F1DB00972295 /* banana.obj in Resources */ = {isa = PBXBuildFile; fileRef = 43465FCC1213F1DB00972295 /* banana.obj */; };
		43465FE01213F1DB00972295 /* banana.xml in Resources */ = {isa = PBXBuildFile; fileRef = 43465FCD1213F1DB00972295 /* banana.xml */; };
		43465FE11213F1DB00972295 /* cube.obj in Resources */ = {isa = PBXBuildFile; fileRef = 43465FD01213F1DB00972295 /* cube.obj */; };
		43465FE21213F1DB00972295 /* cube.xml in Resources */ = {isa = PBXBuildFile; fileRef = 43465FD11213F1DB00972295 /* cube.xml */; };
		43465FE31213F1DB00972295 /* eiffel.obj in Resources */ = {isa = PBXBuildFile; fileRef = 43465FD41213F1DB00972295 /* eiffel.obj */; };
		43465FE41213F1DB00972295 /* eiffel.xml in Resources */ = {isa = PBXBuildFile; fileRef = 43465FD51213F1DB00972295 /* eiffel.xml */; };
		43465FE51213F1DB00972295 /* models.plist in Resources */ = {isa = PBXBuildFile; fileRef = 43465FD61213F1DB00972295 /* models.plist */; };
		43465FE61213F1DB00972295 /* plane.obj in Resources */ = {isa = PBXBuildFile; fileRef = 43465FD91213F1DB00972295 /* plane.obj */; };
		43465FE71213F1DB00972295 /* plane.xml in Resources */ = {isa = PBXBuildFile; fileRef = 43465FDA1213F1DB00972295 /* plane.xml */; };
		43465FED1213F22E00972295 /* QuartzCore.framework in Frameworks */ = {isa = PBXBuildFile; fileRef = 43465FEC1213F22E00972295 /* QuartzCore.framework */; };
		43465FF11213F25400972295 /* AVFoundation.framework in Frameworks */ = {isa = PBXBuildFile; fileRef = 43465FF01213F25400972295 /* AVFoundation.framework */; };
		43465FF51213F26F00972295 /* CoreVideo.framework in Frameworks */ = {isa = PBXBuildFile; fileRef = 43465FF41213F26F00972295 /* CoreVideo.framework */; };
		43465FF91213F29400972295 /* OpenGLES.framework in Frameworks */ = {isa = PBXBuildFile; fileRef = 43465FF81213F29400972295 /* OpenGLES.framework */; };
		434660011213F2CF00972295 /* MessageUI.framework in Frameworks */ = {isa = PBXBuildFile; fileRef = 434660001213F2CF00972295 /* MessageUI.framework */; };
		434660051213F2E100972295 /* CoreMedia.framework in Frameworks */ = {isa = PBXBuildFile; fileRef = 434660041213F2E100972295 /* CoreMedia.framework */; };
		434D853F12280DB100F6AA0F /* COPYING in Resources */ = {isa = PBXBuildFile; fileRef = 434D853E12280DB100F6AA0F /* COPYING */; };
		4364C56C121ACCA800E7393F /* icone.gif in Resources */ = {isa = PBXBuildFile; fileRef = 4364C56B121ACCA800E7393F /* icone.gif */; };
/* End PBXBuildFile section */

/* Begin PBXFileReference section */
		0BF61AFA160B6EEC003ABB97 /* BCH.cpp */ = {isa = PBXFileReference; lastKnownFileType = sourcecode.cpp.cpp; path = BCH.cpp; sourceTree = "<group>"; };
		0BF61AFC160B6EF8003ABB97 /* byteSwap.cpp */ = {isa = PBXFileReference; lastKnownFileType = sourcecode.cpp.cpp; path = byteSwap.cpp; sourceTree = "<group>"; };
		0BF61AFD160B6F04003ABB97 /* CameraAdvImpl.cpp */ = {isa = PBXFileReference; fileEncoding = 4; lastKnownFileType = sourcecode.cpp.cpp; path = CameraAdvImpl.cpp; sourceTree = "<group>"; };
		0BF61AFE160B6F04003ABB97 /* CameraFactory.cpp */ = {isa = PBXFileReference; fileEncoding = 4; lastKnownFileType = sourcecode.cpp.cpp; path = CameraFactory.cpp; sourceTree = "<group>"; };
		0BF61AFF160B6F04003ABB97 /* CameraImpl.cpp */ = {isa = PBXFileReference; fileEncoding = 4; lastKnownFileType = sourcecode.cpp.cpp; path = CameraImpl.cpp; sourceTree = "<group>"; };
		0BF61B04160B6F19003ABB97 /* arGetInitRot2.cpp */ = {isa = PBXFileReference; fileEncoding = 4; lastKnownFileType = sourcecode.cpp.cpp; path = arGetInitRot2.cpp; sourceTree = "<group>"; };
		0BF61B06160B6F19003ABB97 /* arBitFieldPattern.cpp */ = {isa = PBXFileReference; fileEncoding = 4; lastKnownFileType = sourcecode.cpp.cpp; path = arBitFieldPattern.cpp; sourceTree = "<group>"; };
		0BF61B07160B6F19003ABB97 /* arDetectMarker.cpp */ = {isa = PBXFileReference; fileEncoding = 4; lastKnownFileType = sourcecode.cpp.cpp; path = arDetectMarker.cpp; sourceTree = "<group>"; };
		0BF61B08160B6F19003ABB97 /* arDetectMarker2.cpp */ = {isa = PBXFileReference; fileEncoding = 4; lastKnownFileType = sourcecode.cpp.cpp; path = arDetectMarker2.cpp; sourceTree = "<group>"; };
		0BF61B09160B6F19003ABB97 /* arGetCode.cpp */ = {isa = PBXFileReference; fileEncoding = 4; lastKnownFileType = sourcecode.cpp.cpp; path = arGetCode.cpp; sourceTree = "<group>"; };
		0BF61B0A160B6F19003ABB97 /* arGetMarkerInfo.cpp */ = {isa = PBXFileReference; fileEncoding = 4; lastKnownFileType = sourcecode.cpp.cpp; path = arGetMarkerInfo.cpp; sourceTree = "<group>"; };
		0BF61B0B160B6F19003ABB97 /* arGetTransMat.cpp */ = {isa = PBXFileReference; fileEncoding = 4; lastKnownFileType = sourcecode.cpp.cpp; path = arGetTransMat.cpp; sourceTree = "<group>"; };
		0BF61B0C160B6F19003ABB97 /* arGetTransMat2.cpp */ = {isa = PBXFileReference; fileEncoding = 4; lastKnownFileType = sourcecode.cpp.cpp; path = arGetTransMat2.cpp; sourceTree = "<group>"; };
		0BF61B0D160B6F19003ABB97 /* arGetTransMat3.cpp */ = {isa = PBXFileReference; fileEncoding = 4; lastKnownFileType = sourcecode.cpp.cpp; path = arGetTransMat3.cpp; sourceTree = "<group>"; };
		0BF61B0E160B6F19003ABB97 /* arGetTransMatCont.cpp */ = {isa = PBXFileReference; fileEncoding = 4; lastKnownFileType = sourcecode.cpp.cpp; path = arGetTransMatCont.cpp; sourceTree = "<group>"; };
		0BF61B0F160B6F19003ABB97 /* arLabeling.cpp */ = {isa = PBXFileReference; fileEncoding = 4; lastKnownFileType = sourcecode.cpp.cpp; path = arLabeling.cpp; sourceTree = "<group>"; };
		0BF61B10160B6F19003ABB97 /* arLabelingImpl.h */ = {isa = PBXFileReference; fileEncoding = 4; lastKnownFileType = sourcecode.c.h; path = arLabelingImpl.h; sourceTree = "<group>"; };
		0BF61B11160B6F19003ABB97 /* arMultiActivate.cpp */ = {isa = PBXFileReference; fileEncoding = 4; lastKnownFileType = sourcecode.cpp.cpp; path = arMultiActivate.cpp; sourceTree = "<group>"; };
		0BF61B12160B6F19003ABB97 /* arMultiGetTransMat.cpp */ = {isa = PBXFileReference; fileEncoding = 4; lastKnownFileType = sourcecode.cpp.cpp; path = arMultiGetTransMat.cpp; sourceTree = "<group>"; };
		0BF61B13160B6F19003ABB97 /* arMultiGetTransMatHull.cpp */ = {isa = PBXFileReference; fileEncoding = 4; lastKnownFileType = sourcecode.cpp.cpp; path = arMultiGetTransMatHull.cpp; sourceTree = "<group>"; };
		0BF61B14160B6F19003ABB97 /* arMultiReadConfigFile.cpp */ = {isa = PBXFileReference; fileEncoding = 4; lastKnownFileType = sourcecode.cpp.cpp; path = arMultiReadConfigFile.cpp; sourceTree = "<group>"; };
		0BF61B15160B6F19003ABB97 /* arUtil.cpp */ = {isa = PBXFileReference; fileEncoding = 4; lastKnownFileType = sourcecode.cpp.cpp; path = arUtil.cpp; sourceTree = "<group>"; };
		0BF61B16160B6F19003ABB97 /* matrix.cpp */ = {isa = PBXFileReference; fileEncoding = 4; lastKnownFileType = sourcecode.cpp.cpp; path = matrix.cpp; sourceTree = "<group>"; };
		0BF61B17160B6F19003ABB97 /* mPCA.cpp */ = {isa = PBXFileReference; fileEncoding = 4; lastKnownFileType = sourcecode.cpp.cpp; path = mPCA.cpp; sourceTree = "<group>"; };
		0BF61B18160B6F19003ABB97 /* paramDecomp.cpp */ = {isa = PBXFileReference; fileEncoding = 4; lastKnownFileType = sourcecode.cpp.cpp; path = paramDecomp.cpp; sourceTree = "<group>"; };
		0BF61B19160B6F19003ABB97 /* paramDistortion.cpp */ = {isa = PBXFileReference; fileEncoding = 4; lastKnownFileType = sourcecode.cpp.cpp; path = paramDistortion.cpp; sourceTree = "<group>"; };
		0BF61B1A160B6F19003ABB97 /* paramFile.cpp */ = {isa = PBXFileReference; fileEncoding = 4; lastKnownFileType = sourcecode.cpp.cpp; path = paramFile.cpp; sourceTree = "<group>"; };
		0BF61B1B160B6F19003ABB97 /* rppGetTransMat.cpp */ = {isa = PBXFileReference; fileEncoding = 4; lastKnownFileType = sourcecode.cpp.cpp; path = rppGetTransMat.cpp; sourceTree = "<group>"; };
		0BF61B1C160B6F19003ABB97 /* rppMultiGetTransMat.cpp */ = {isa = PBXFileReference; fileEncoding = 4; lastKnownFileType = sourcecode.cpp.cpp; path = rppMultiGetTransMat.cpp; sourceTree = "<group>"; };
		0BF61B1D160B6F19003ABB97 /* vector.cpp */ = {isa = PBXFileReference; fileEncoding = 4; lastKnownFileType = sourcecode.cpp.cpp; path = vector.cpp; sourceTree = "<group>"; };
		0BF61B1E160B6F19003ABB97 /* TrackerImpl.cpp */ = {isa = PBXFileReference; fileEncoding = 4; lastKnownFileType = sourcecode.cpp.cpp; path = TrackerImpl.cpp; sourceTree = "<group>"; };
		0BF61B1F160B6F19003ABB97 /* TrackerMultiMarkerImpl.cpp */ = {isa = PBXFileReference; fileEncoding = 4; lastKnownFileType = sourcecode.cpp.cpp; path = TrackerMultiMarkerImpl.cpp; sourceTree = "<group>"; };
		0BF61B20160B6F19003ABB97 /* TrackerSingleMarkerImpl.cpp */ = {isa = PBXFileReference; fileEncoding = 4; lastKnownFileType = sourcecode.cpp.cpp; path = TrackerSingleMarkerImpl.cpp; sourceTree = "<group>"; };
		0BF61B45160B71F6003ABB97 /* libxml2.2.dylib */ = {isa = PBXFileReference; lastKnownFileType = "compiled.mach-o.dylib"; name = libxml2.2.dylib; path = usr/lib/libxml2.2.dylib; sourceTree = SDKROOT; };
		0BF61B47160B725E003ABB97 /* Hull.h */ = {isa = PBXFileReference; lastKnownFileType = sourcecode.c.h; path = Hull.h; sourceTree = "<group>"; };
		0BF61B48160B7288003ABB97 /* Hull.cpp */ = {isa = PBXFileReference; fileEncoding = 4; lastKnownFileType = sourcecode.cpp.cpp; path = Hull.cpp; sourceTree = "<group>"; };
		1D30AB110D05D00D00671497 /* Foundation.framework */ = {isa = PBXFileReference; lastKnownFileType = wrapper.framework; name = Foundation.framework; path = System/Library/Frameworks/Foundation.framework; sourceTree = SDKROOT; };
		1D6058910D05DD3D006BFB54 /* VRToolKit.app */ = {isa = PBXFileReference; explicitFileType = wrapper.application; includeInIndex = 0; path = VRToolKit.app; sourceTree = BUILT_PRODUCTS_DIR; };
		1DF5F4DF0D08C38300B7A737 /* UIKit.framework */ = {isa = PBXFileReference; lastKnownFileType = wrapper.framework; name = UIKit.framework; path = System/Library/Frameworks/UIKit.framework; sourceTree = SDKROOT; };
		288765A40DF7441C002DB57D /* CoreGraphics.framework */ = {isa = PBXFileReference; lastKnownFileType = wrapper.framework; name = CoreGraphics.framework; path = System/Library/Frameworks/CoreGraphics.framework; sourceTree = SDKROOT; };
		29B97316FDCFA39411CA2CEA /* main.m */ = {isa = PBXFileReference; fileEncoding = 4; lastKnownFileType = sourcecode.c.objc; path = main.m; sourceTree = "<group>"; };
		32CA4F630368D1EE00C91783 /* VRToolKit_Prefix.pch */ = {isa = PBXFileReference; fileEncoding = 4; lastKnownFileType = sourcecode.c.h; path = VRToolKit_Prefix.pch; sourceTree = "<group>"; };
		43465E4D1213E9EC00972295 /* camera_para.dat */ = {isa = PBXFileReference; lastKnownFileType = file; path = camera_para.dat; sourceTree = "<group>"; };
		43465E501213E9EC00972295 /* ar.h */ = {isa = PBXFileReference; fileEncoding = 4; lastKnownFileType = sourcecode.c.h; path = ar.h; sourceTree = "<group>"; };
		43465E511213E9EC00972295 /* arBitFieldPattern.h */ = {isa = PBXFileReference; fileEncoding = 4; lastKnownFileType = sourcecode.c.h; path = arBitFieldPattern.h; sourceTree = "<group>"; };
		43465E521213E9EC00972295 /* arMulti.h */ = {isa = PBXFileReference; fileEncoding = 4; lastKnownFileType = sourcecode.c.h; path = arMulti.h; sourceTree = "<group>"; };
		43465E531213E9EC00972295 /* ARToolKitPlus.h */ = {isa = PBXFileReference; fileEncoding = 4; lastKnownFileType = sourcecode.c.h; path = ARToolKitPlus.h; sourceTree = "<group>"; };
		43465E541213E9EC00972295 /* byteSwap.h */ = {isa = PBXFileReference; fileEncoding = 4; lastKnownFileType = sourcecode.c.h; path = byteSwap.h; sourceTree = "<group>"; };
		43465E551213E9EC00972295 /* Camera.h */ = {isa = PBXFileReference; fileEncoding = 4; lastKnownFileType = sourcecode.c.h; path = Camera.h; sourceTree = "<group>"; };
		43465E561213E9EC00972295 /* CameraAdvImpl.h */ = {isa = PBXFileReference; fileEncoding = 4; lastKnownFileType = sourcecode.c.h; path = CameraAdvImpl.h; sourceTree = "<group>"; };
		43465E571213E9EC00972295 /* CameraFactory.h */ = {isa = PBXFileReference; fileEncoding = 4; lastKnownFileType = sourcecode.c.h; path = CameraFactory.h; sourceTree = "<group>"; };
		43465E581213E9EC00972295 /* CameraImpl.h */ = {isa = PBXFileReference; fileEncoding = 4; lastKnownFileType = sourcecode.c.h; path = CameraImpl.h; sourceTree = "<group>"; };
		43465E591213E9EC00972295 /* config.h */ = {isa = PBXFileReference; fileEncoding = 4; lastKnownFileType = sourcecode.c.h; path = config.h; sourceTree = "<group>"; };
		43465E5B1213E9EC00972295 /* BCH.h */ = {isa = PBXFileReference; fileEncoding = 4; lastKnownFileType = sourcecode.c.h; path = BCH.h; sourceTree = "<group>"; };
		43465E5C1213E9EC00972295 /* GPP.h */ = {isa = PBXFileReference; fileEncoding = 4; lastKnownFileType = sourcecode.c.h; path = GPP.h; sourceTree = "<group>"; };
		43465E5D1213E9EC00972295 /* Profiler.h */ = {isa = PBXFileReference; fileEncoding = 4; lastKnownFileType = sourcecode.c.h; path = Profiler.h; sourceTree = "<group>"; };
		43465E5E1213E9EC00972295 /* rpp.h */ = {isa = PBXFileReference; fileEncoding = 4; lastKnownFileType = sourcecode.c.h; path = rpp.h; sourceTree = "<group>"; };
		43465E5F1213E9EC00972295 /* ImageGrabber.h */ = {isa = PBXFileReference; fileEncoding = 4; lastKnownFileType = sourcecode.c.h; path = ImageGrabber.h; sourceTree = "<group>"; };
		43465E601213E9EC00972295 /* Logger.h */ = {isa = PBXFileReference; fileEncoding = 4; lastKnownFileType = sourcecode.c.h; path = Logger.h; sourceTree = "<group>"; };
		43465E611213E9EC00972295 /* matrix.h */ = {isa = PBXFileReference; fileEncoding = 4; lastKnownFileType = sourcecode.c.h; path = matrix.h; sourceTree = "<group>"; };
		43465E621213E9EC00972295 /* MemoryManager.h */ = {isa = PBXFileReference; fileEncoding = 4; lastKnownFileType = sourcecode.c.h; path = MemoryManager.h; sourceTree = "<group>"; };
		43465E631213E9EC00972295 /* MemoryManagerMemMap.h */ = {isa = PBXFileReference; fileEncoding = 4; lastKnownFileType = sourcecode.c.h; path = MemoryManagerMemMap.h; sourceTree = "<group>"; };
		43465E641213E9EC00972295 /* param.h */ = {isa = PBXFileReference; fileEncoding = 4; lastKnownFileType = sourcecode.c.h; path = param.h; sourceTree = "<group>"; };
		43465E651213E9EC00972295 /* Tracker.h */ = {isa = PBXFileReference; fileEncoding = 4; lastKnownFileType = sourcecode.c.h; path = Tracker.h; sourceTree = "<group>"; };
		43465E661213E9EC00972295 /* TrackerImpl.h */ = {isa = PBXFileReference; fileEncoding = 4; lastKnownFileType = sourcecode.c.h; path = TrackerImpl.h; sourceTree = "<group>"; };
		43465E671213E9EC00972295 /* TrackerMultiMarker.h */ = {isa = PBXFileReference; fileEncoding = 4; lastKnownFileType = sourcecode.c.h; path = TrackerMultiMarker.h; sourceTree = "<group>"; };
		43465E681213E9EC00972295 /* TrackerMultiMarkerImpl.h */ = {isa = PBXFileReference; fileEncoding = 4; lastKnownFileType = sourcecode.c.h; path = TrackerMultiMarkerImpl.h; sourceTree = "<group>"; };
		43465E691213E9EC00972295 /* TrackerSingleMarker.h */ = {isa = PBXFileReference; fileEncoding = 4; lastKnownFileType = sourcecode.c.h; path = TrackerSingleMarker.h; sourceTree = "<group>"; };
		43465E6A1213E9EC00972295 /* TrackerSingleMarkerImpl.h */ = {isa = PBXFileReference; fileEncoding = 4; lastKnownFileType = sourcecode.c.h; path = TrackerSingleMarkerImpl.h; sourceTree = "<group>"; };
		43465E6B1213E9EC00972295 /* vector.h */ = {isa = PBXFileReference; fileEncoding = 4; lastKnownFileType = sourcecode.c.h; path = vector.h; sourceTree = "<group>"; };
		43465E891213E9EC00972295 /* DLL.cpp */ = {isa = PBXFileReference; fileEncoding = 4; lastKnownFileType = sourcecode.cpp.cpp; path = DLL.cpp; sourceTree = "<group>"; };
		43465E8C1213E9EC00972295 /* BCH_original.txt */ = {isa = PBXFileReference; fileEncoding = 4; lastKnownFileType = text; path = BCH_original.txt; sourceTree = "<group>"; };
		43465E8D1213E9EC00972295 /* FixedPoint.cpp */ = {isa = PBXFileReference; fileEncoding = 4; lastKnownFileType = sourcecode.cpp.cpp; path = FixedPoint.cpp; sourceTree = "<group>"; };
		43465E8E1213E9EC00972295 /* FixedPoint.h */ = {isa = PBXFileReference; fileEncoding = 4; lastKnownFileType = sourcecode.c.h; path = FixedPoint.h; sourceTree = "<group>"; };
		43465E8F1213E9EC00972295 /* Profiler.cpp */ = {isa = PBXFileReference; fileEncoding = 4; lastKnownFileType = sourcecode.cpp.cpp; path = Profiler.cpp; sourceTree = "<group>"; };
		43465E911213E9EC00972295 /* librpp.cpp */ = {isa = PBXFileReference; fileEncoding = 4; lastKnownFileType = sourcecode.cpp.cpp; path = librpp.cpp; sourceTree = "<group>"; };
		43465E921213E9EC00972295 /* librpp.h */ = {isa = PBXFileReference; fileEncoding = 4; lastKnownFileType = sourcecode.c.h; path = librpp.h; sourceTree = "<group>"; };
		43465E941213E9EC00972295 /* build_robust_pose.m */ = {isa = PBXFileReference; fileEncoding = 4; lastKnownFileType = sourcecode.c.objc; path = build_robust_pose.m; sourceTree = "<group>"; };
		43465E951213E9EC00972295 /* robust_pose.cpp */ = {isa = PBXFileReference; fileEncoding = 4; lastKnownFileType = sourcecode.cpp.cpp; path = robust_pose.cpp; sourceTree = "<group>"; };
		43465E961213E9EC00972295 /* test_robust_pose.m */ = {isa = PBXFileReference; fileEncoding = 4; lastKnownFileType = sourcecode.c.objc; path = test_robust_pose.m; sourceTree = "<group>"; };
		43465E971213E9EC00972295 /* rpp.cpp */ = {isa = PBXFileReference; fileEncoding = 4; lastKnownFileType = sourcecode.cpp.cpp; path = rpp.cpp; sourceTree = "<group>"; };
		43465E981213E9EC00972295 /* rpp.h */ = {isa = PBXFileReference; fileEncoding = 4; lastKnownFileType = sourcecode.c.h; path = rpp.h; sourceTree = "<group>"; };
		43465E991213E9EC00972295 /* rpp_const.h */ = {isa = PBXFileReference; fileEncoding = 4; lastKnownFileType = sourcecode.c.h; path = rpp_const.h; sourceTree = "<group>"; };
		43465E9A1213E9EC00972295 /* rpp_quintic.cpp */ = {isa = PBXFileReference; fileEncoding = 4; lastKnownFileType = sourcecode.cpp.cpp; path = rpp_quintic.cpp; sourceTree = "<group>"; };
		43465E9B1213E9EC00972295 /* rpp_svd.cpp */ = {isa = PBXFileReference; fileEncoding = 4; lastKnownFileType = sourcecode.cpp.cpp; path = rpp_svd.cpp; sourceTree = "<group>"; };
		43465E9C1213E9EC00972295 /* rpp_types.h */ = {isa = PBXFileReference; fileEncoding = 4; lastKnownFileType = sourcecode.c.h; path = rpp_types.h; sourceTree = "<group>"; };
		43465E9D1213E9EC00972295 /* rpp_vecmat.cpp */ = {isa = PBXFileReference; fileEncoding = 4; lastKnownFileType = sourcecode.cpp.cpp; path = rpp_vecmat.cpp; sourceTree = "<group>"; };
		43465E9E1213E9EC00972295 /* rpp_vecmat.h */ = {isa = PBXFileReference; fileEncoding = 4; lastKnownFileType = sourcecode.c.h; path = rpp_vecmat.h; sourceTree = "<group>"; };
		43465EA01213E9EC00972295 /* artkpFixedBase_generic.h */ = {isa = PBXFileReference; fileEncoding = 4; lastKnownFileType = sourcecode.c.h; path = artkpFixedBase_generic.h; sourceTree = "<group>"; };
		43465EA11213E9EC00972295 /* artkpFixedBase_gpp.h */ = {isa = PBXFileReference; fileEncoding = 4; lastKnownFileType = sourcecode.c.h; path = artkpFixedBase_gpp.h; sourceTree = "<group>"; };
		43465EA21213E9EC00972295 /* artkpFloat_fixed.h */ = {isa = PBXFileReference; fileEncoding = 4; lastKnownFileType = sourcecode.c.h; path = artkpFloat_fixed.h; sourceTree = "<group>"; };
		43465EA31213E9EC00972295 /* artkpFloat_float.h */ = {isa = PBXFileReference; fileEncoding = 4; lastKnownFileType = sourcecode.c.h; path = artkpFloat_float.h; sourceTree = "<group>"; };
		43465EA41213E9EC00972295 /* MemoryManager.cpp */ = {isa = PBXFileReference; fileEncoding = 4; lastKnownFileType = sourcecode.cpp.cpp; path = MemoryManager.cpp; sourceTree = "<group>"; };
		43465EA51213E9EC00972295 /* MemoryManagerMemMap.cpp */ = {isa = PBXFileReference; fileEncoding = 4; lastKnownFileType = sourcecode.cpp.cpp; path = MemoryManagerMemMap.cpp; sourceTree = "<group>"; };
		43465EA61213E9EC00972295 /* src.pro */ = {isa = PBXFileReference; fileEncoding = 4; lastKnownFileType = text; path = src.pro; sourceTree = "<group>"; };
		43465ED91213E9FF00972295 /* ARToolKitPlusWrapper.h */ = {isa = PBXFileReference; fileEncoding = 4; lastKnownFileType = sourcecode.c.h; path = ARToolKitPlusWrapper.h; sourceTree = "<group>"; };
		43465EDA1213E9FF00972295 /* ARToolKitPlusWrapper.mm */ = {isa = PBXFileReference; fileEncoding = 4; lastKnownFileType = sourcecode.cpp.objcpp; path = ARToolKitPlusWrapper.mm; sourceTree = "<group>"; };
		43465EDB1213E9FF00972295 /* VRApiAppDelegate.h */ = {isa = PBXFileReference; fileEncoding = 4; lastKnownFileType = sourcecode.c.h; path = VRApiAppDelegate.h; sourceTree = "<group>"; };
		43465EDC1213E9FF00972295 /* VRApiAppDelegate.m */ = {isa = PBXFileReference; fileEncoding = 4; lastKnownFileType = sourcecode.c.objc; path = VRApiAppDelegate.m; sourceTree = "<group>"; };
		43465EDD1213E9FF00972295 /* EAGLView.h */ = {isa = PBXFileReference; fileEncoding = 4; lastKnownFileType = sourcecode.c.h; path = EAGLView.h; sourceTree = "<group>"; };
		43465EDE1213E9FF00972295 /* EAGLView.m */ = {isa = PBXFileReference; fileEncoding = 4; lastKnownFileType = sourcecode.c.objc; path = EAGLView.m; sourceTree = "<group>"; };
		43465EDF1213E9FF00972295 /* Object3D.h */ = {isa = PBXFileReference; fileEncoding = 4; lastKnownFileType = sourcecode.c.h; path = Object3D.h; sourceTree = "<group>"; };
		43465EE01213E9FF00972295 /* Object3D.m */ = {isa = PBXFileReference; fileEncoding = 4; lastKnownFileType = sourcecode.c.objc; path = Object3D.m; sourceTree = "<group>"; };
		43465EE11213E9FF00972295 /* Object3DParametersViewController.h */ = {isa = PBXFileReference; fileEncoding = 4; lastKnownFileType = sourcecode.c.h; path = Object3DParametersViewController.h; sourceTree = "<group>"; };
		43465EE21213E9FF00972295 /* Object3DParametersViewController.m */ = {isa = PBXFileReference; fileEncoding = 4; lastKnownFileType = sourcecode.c.objc; path = Object3DParametersViewController.m; sourceTree = "<group>"; };
		43465EE31213E9FF00972295 /* Parser3DProtocol.h */ = {isa = PBXFileReference; fileEncoding = 4; lastKnownFileType = sourcecode.c.h; path = Parser3DProtocol.h; sourceTree = "<group>"; };
		43465EE41213E9FF00972295 /* VRViewController.h */ = {isa = PBXFileReference; fileEncoding = 4; lastKnownFileType = sourcecode.c.h; path = VRViewController.h; sourceTree = "<group>"; };
		43465EE51213E9FF00972295 /* VRViewController.m */ = {isa = PBXFileReference; fileEncoding = 4; lastKnownFileType = sourcecode.c.objc; path = VRViewController.m; sourceTree = "<group>"; };
		43465EE61213E9FF00972295 /* WavefrontParser.h */ = {isa = PBXFileReference; fileEncoding = 4; lastKnownFileType = sourcecode.c.h; path = WavefrontParser.h; sourceTree = "<group>"; };
		43465EE71213E9FF00972295 /* WavefrontParser.m */ = {isa = PBXFileReference; fileEncoding = 4; lastKnownFileType = sourcecode.c.objc; path = WavefrontParser.m; sourceTree = "<group>"; };
		43465EE81213E9FF00972295 /* WavefrontParser2.h */ = {isa = PBXFileReference; fileEncoding = 4; lastKnownFileType = sourcecode.c.h; path = WavefrontParser2.h; sourceTree = "<group>"; };
		43465EE91213E9FF00972295 /* WavefrontParser2.m */ = {isa = PBXFileReference; fileEncoding = 4; lastKnownFileType = sourcecode.c.objc; path = WavefrontParser2.m; sourceTree = "<group>"; };
		43465EEB1213E9FF00972295 /* GDataXMLNode.h */ = {isa = PBXFileReference; fileEncoding = 4; lastKnownFileType = sourcecode.c.h; path = GDataXMLNode.h; sourceTree = "<group>"; };
		43465EEC1213E9FF00972295 /* GDataXMLNode.m */ = {isa = PBXFileReference; fileEncoding = 4; lastKnownFileType = sourcecode.c.objc; path = GDataXMLNode.m; sourceTree = "<group>"; };
		43465EFB1213EA0A00972295 /* VRViewController.xib */ = {isa = PBXFileReference; lastKnownFileType = file.xib; path = VRViewController.xib; sourceTree = "<group>"; };
		43465EFC1213EA0A00972295 /* MainWindow.xib */ = {isa = PBXFileReference; lastKnownFileType = file.xib; path = MainWindow.xib; sourceTree = "<group>"; };
		43465EFD1213EA0A00972295 /* Object3DParametersViewController.xib */ = {isa = PBXFileReference; lastKnownFileType = file.xib; path = Object3DParametersViewController.xib; sourceTree = "<group>"; };
		43465F041213EA4000972295 /* animate.png */ = {isa = PBXFileReference; lastKnownFileType = image.png; path = animate.png; sourceTree = "<group>"; };
		43465F051213EA4000972295 /* cross.png */ = {isa = PBXFileReference; lastKnownFileType = image.png; path = cross.png; sourceTree = "<group>"; };
		43465F061213EA4000972295 /* envelope.png */ = {isa = PBXFileReference; lastKnownFileType = image.png; path = envelope.png; sourceTree = "<group>"; };
		43465F071213EA4000972295 /* gear.png */ = {isa = PBXFileReference; lastKnownFileType = image.png; path = gear.png; sourceTree = "<group>"; };
		43465F081213EA4000972295 /* save.png */ = {isa = PBXFileReference; lastKnownFileType = image.png; path = save.png; sourceTree = "<group>"; };
		43465F161213EBA200972295 /* VRToolKit-Info.plist */ = {isa = PBXFileReference; fileEncoding = 4; lastKnownFileType = text.plist.xml; path = "VRToolKit-Info.plist"; sourceTree = SOURCE_ROOT; };
		43465FC51213F1DB00972295 /* apple.h */ = {isa = PBXFileReference; fileEncoding = 4; lastKnownFileType = sourcecode.c.h; path = apple.h; sourceTree = "<group>"; };
		43465FC61213F1DB00972295 /* apple.obj */ = {isa = PBXFileReference; fileEncoding = 4; lastKnownFileType = text; path = apple.obj; sourceTree = "<group>"; };
		43465FC71213F1DB00972295 /* apple.png */ = {isa = PBXFileReference; lastKnownFileType = image.png; path = apple.png; sourceTree = "<group>"; };
		43465FC81213F1DB00972295 /* apple.xml */ = {isa = PBXFileReference; fileEncoding = 4; lastKnownFileType = text.xml; path = apple.xml; sourceTree = "<group>"; };
		43465FCA1213F1DB00972295 /* banana.h */ = {isa = PBXFileReference; fileEncoding = 4; lastKnownFileType = sourcecode.c.h; path = banana.h; sourceTree = "<group>"; };
		43465FCB1213F1DB00972295 /* banana.jpg */ = {isa = PBXFileReference; lastKnownFileType = image.jpeg; path = banana.jpg; sourceTree = "<group>"; };
		43465FCC1213F1DB00972295 /* banana.obj */ = {isa = PBXFileReference; fileEncoding = 4; lastKnownFileType = text; path = banana.obj; sourceTree = "<group>"; };
		43465FCD1213F1DB00972295 /* banana.xml */ = {isa = PBXFileReference; fileEncoding = 4; lastKnownFileType = text.xml; path = banana.xml; sourceTree = "<group>"; };
		43465FCF1213F1DB00972295 /* cube.h */ = {isa = PBXFileReference; fileEncoding = 4; lastKnownFileType = sourcecode.c.h; path = cube.h; sourceTree = "<group>"; };
		43465FD01213F1DB00972295 /* cube.obj */ = {isa = PBXFileReference; fileEncoding = 4; lastKnownFileType = text; path = cube.obj; sourceTree = "<group>"; };
		43465FD11213F1DB00972295 /* cube.xml */ = {isa = PBXFileReference; fileEncoding = 4; lastKnownFileType = text.xml; path = cube.xml; sourceTree = "<group>"; };
		43465FD31213F1DB00972295 /* eiffel.h */ = {isa = PBXFileReference; fileEncoding = 4; lastKnownFileType = sourcecode.c.h; path = eiffel.h; sourceTree = "<group>"; };
		43465FD41213F1DB00972295 /* eiffel.obj */ = {isa = PBXFileReference; fileEncoding = 4; lastKnownFileType = text; path = eiffel.obj; sourceTree = "<group>"; };
		43465FD51213F1DB00972295 /* eiffel.xml */ = {isa = PBXFileReference; fileEncoding = 4; lastKnownFileType = text.xml; path = eiffel.xml; sourceTree = "<group>"; };
		43465FD61213F1DB00972295 /* models.plist */ = {isa = PBXFileReference; fileEncoding = 4; lastKnownFileType = text.plist.xml; path = models.plist; sourceTree = "<group>"; };
		43465FD81213F1DB00972295 /* plane.h */ = {isa = PBXFileReference; fileEncoding = 4; lastKnownFileType = sourcecode.c.h; path = plane.h; sourceTree = "<group>"; };
		43465FD91213F1DB00972295 /* plane.obj */ = {isa = PBXFileReference; fileEncoding = 4; lastKnownFileType = text; path = plane.obj; sourceTree = "<group>"; };
		43465FDA1213F1DB00972295 /* plane.xml */ = {isa = PBXFileReference; fileEncoding = 4; lastKnownFileType = text.xml; path = plane.xml; sourceTree = "<group>"; };
		43465FEC1213F22E00972295 /* QuartzCore.framework */ = {isa = PBXFileReference; lastKnownFileType = wrapper.framework; name = QuartzCore.framework; path = System/Library/Frameworks/QuartzCore.framework; sourceTree = SDKROOT; };
		43465FF01213F25400972295 /* AVFoundation.framework */ = {isa = PBXFileReference; lastKnownFileType = wrapper.framework; name = AVFoundation.framework; path = System/Library/Frameworks/AVFoundation.framework; sourceTree = SDKROOT; };
		43465FF41213F26F00972295 /* CoreVideo.framework */ = {isa = PBXFileReference; lastKnownFileType = wrapper.framework; name = CoreVideo.framework; path = System/Library/Frameworks/CoreVideo.framework; sourceTree = SDKROOT; };
		43465FF81213F29400972295 /* OpenGLES.framework */ = {isa = PBXFileReference; lastKnownFileType = wrapper.framework; name = OpenGLES.framework; path = System/Library/Frameworks/OpenGLES.framework; sourceTree = SDKROOT; };
		434660001213F2CF00972295 /* MessageUI.framework */ = {isa = PBXFileReference; lastKnownFileType = wrapper.framework; name = MessageUI.framework; path = System/Library/Frameworks/MessageUI.framework; sourceTree = SDKROOT; };
		434660041213F2E100972295 /* CoreMedia.framework */ = {isa = PBXFileReference; lastKnownFileType = wrapper.framework; name = CoreMedia.framework; path = System/Library/Frameworks/CoreMedia.framework; sourceTree = SDKROOT; };
		434D853E12280DB100F6AA0F /* COPYING */ = {isa = PBXFileReference; fileEncoding = 4; lastKnownFileType = text; path = COPYING; sourceTree = "<group>"; };
		4364C56B121ACCA800E7393F /* icone.gif */ = {isa = PBXFileReference; lastKnownFileType = image.gif; path = icone.gif; sourceTree = "<group>"; };
/* End PBXFileReference section */

/* Begin PBXFrameworksBuildPhase section */
		1D60588F0D05DD3D006BFB54 /* Frameworks */ = {
			isa = PBXFrameworksBuildPhase;
			buildActionMask = 2147483647;
			files = (
				0BF61B46160B71F6003ABB97 /* libxml2.2.dylib in Frameworks */,
				1D60589F0D05DD5A006BFB54 /* Foundation.framework in Frameworks */,
				1DF5F4E00D08C38300B7A737 /* UIKit.framework in Frameworks */,
				288765A50DF7441C002DB57D /* CoreGraphics.framework in Frameworks */,
				43465FED1213F22E00972295 /* QuartzCore.framework in Frameworks */,
				43465FF11213F25400972295 /* AVFoundation.framework in Frameworks */,
				43465FF51213F26F00972295 /* CoreVideo.framework in Frameworks */,
				43465FF91213F29400972295 /* OpenGLES.framework in Frameworks */,
				434660011213F2CF00972295 /* MessageUI.framework in Frameworks */,
				434660051213F2E100972295 /* CoreMedia.framework in Frameworks */,
			);
			runOnlyForDeploymentPostprocessing = 0;
		};
/* End PBXFrameworksBuildPhase section */

/* Begin PBXGroup section */
		0BF61AFB160B6EF8003ABB97 /* core */ = {
			isa = PBXGroup;
			children = (
				0BF61AFC160B6EF8003ABB97 /* byteSwap.cpp */,
			);
			path = core;
			sourceTree = "<group>";
		};
		0BF61B03160B6F19003ABB97 /* ARToolKitPlus_impl */ = {
			isa = PBXGroup;
			children = (
				0BF61B04160B6F19003ABB97 /* arGetInitRot2.cpp */,
				0BF61B05160B6F19003ABB97 /* core */,
				0BF61B1E160B6F19003ABB97 /* TrackerImpl.cpp */,
				0BF61B1F160B6F19003ABB97 /* TrackerMultiMarkerImpl.cpp */,
				0BF61B20160B6F19003ABB97 /* TrackerSingleMarkerImpl.cpp */,
			);
			path = ARToolKitPlus_impl;
			sourceTree = "<group>";
		};
		0BF61B05160B6F19003ABB97 /* core */ = {
			isa = PBXGroup;
			children = (
				0BF61B06160B6F19003ABB97 /* arBitFieldPattern.cpp */,
				0BF61B07160B6F19003ABB97 /* arDetectMarker.cpp */,
				0BF61B08160B6F19003ABB97 /* arDetectMarker2.cpp */,
				0BF61B09160B6F19003ABB97 /* arGetCode.cpp */,
				0BF61B0A160B6F19003ABB97 /* arGetMarkerInfo.cpp */,
				0BF61B0B160B6F19003ABB97 /* arGetTransMat.cpp */,
				0BF61B0C160B6F19003ABB97 /* arGetTransMat2.cpp */,
				0BF61B0D160B6F19003ABB97 /* arGetTransMat3.cpp */,
				0BF61B0E160B6F19003ABB97 /* arGetTransMatCont.cpp */,
				0BF61B0F160B6F19003ABB97 /* arLabeling.cpp */,
				0BF61B10160B6F19003ABB97 /* arLabelingImpl.h */,
				0BF61B11160B6F19003ABB97 /* arMultiActivate.cpp */,
				0BF61B12160B6F19003ABB97 /* arMultiGetTransMat.cpp */,
				0BF61B13160B6F19003ABB97 /* arMultiGetTransMatHull.cpp */,
				0BF61B14160B6F19003ABB97 /* arMultiReadConfigFile.cpp */,
				0BF61B15160B6F19003ABB97 /* arUtil.cpp */,
				0BF61B16160B6F19003ABB97 /* matrix.cpp */,
				0BF61B17160B6F19003ABB97 /* mPCA.cpp */,
				0BF61B18160B6F19003ABB97 /* paramDecomp.cpp */,
				0BF61B19160B6F19003ABB97 /* paramDistortion.cpp */,
				0BF61B1A160B6F19003ABB97 /* paramFile.cpp */,
				0BF61B1B160B6F19003ABB97 /* rppGetTransMat.cpp */,
				0BF61B1C160B6F19003ABB97 /* rppMultiGetTransMat.cpp */,
				0BF61B1D160B6F19003ABB97 /* vector.cpp */,
			);
			path = core;
			sourceTree = "<group>";
		};
		19C28FACFE9D520D11CA2CBB /* Products */ = {
			isa = PBXGroup;
			children = (
				1D6058910D05DD3D006BFB54 /* VRToolKit.app */,
			);
			name = Products;
			sourceTree = "<group>";
		};
		29B97314FDCFA39411CA2CEA /* CustomTemplate */ = {
			isa = PBXGroup;
			children = (
				43465FC31213F1DB00972295 /* 3DModels */,
				43465E4B1213E9EC00972295 /* ARToolKitPlus */,
				43465ED81213E9FF00972295 /* Classes */,
				29B97315FDCFA39411CA2CEA /* Other Sources */,
				43465F031213EA4000972295 /* Ressources */,
				43465EFA1213EA0A00972295 /* nib */,
				29B97323FDCFA39411CA2CEA /* Frameworks */,
				19C28FACFE9D520D11CA2CBB /* Products */,
				434D853E12280DB100F6AA0F /* COPYING */,
			);
			name = CustomTemplate;
			sourceTree = "<group>";
		};
		29B97315FDCFA39411CA2CEA /* Other Sources */ = {
			isa = PBXGroup;
			children = (
				32CA4F630368D1EE00C91783 /* VRToolKit_Prefix.pch */,
				29B97316FDCFA39411CA2CEA /* main.m */,
			);
			name = "Other Sources";
			sourceTree = "<group>";
		};
		29B97323FDCFA39411CA2CEA /* Frameworks */ = {
			isa = PBXGroup;
			children = (
				0BF61B45160B71F6003ABB97 /* libxml2.2.dylib */,
				1DF5F4DF0D08C38300B7A737 /* UIKit.framework */,
				1D30AB110D05D00D00671497 /* Foundation.framework */,
				43465FF41213F26F00972295 /* CoreVideo.framework */,
				288765A40DF7441C002DB57D /* CoreGraphics.framework */,
				43465FEC1213F22E00972295 /* QuartzCore.framework */,
				43465FF01213F25400972295 /* AVFoundation.framework */,
				43465FF81213F29400972295 /* OpenGLES.framework */,
				434660001213F2CF00972295 /* MessageUI.framework */,
				434660041213F2E100972295 /* CoreMedia.framework */,
			);
			name = Frameworks;
			sourceTree = "<group>";
		};
		43465E4B1213E9EC00972295 /* ARToolKitPlus */ = {
			isa = PBXGroup;
			children = (
				43465E4C1213E9EC00972295 /* camera_param */,
				43465E4E1213E9EC00972295 /* include */,
				43465E6C1213E9EC00972295 /* src */,
			);
			path = ARToolKitPlus;
			sourceTree = "<group>";
		};
		43465E4C1213E9EC00972295 /* camera_param */ = {
			isa = PBXGroup;
			children = (
				43465E4D1213E9EC00972295 /* camera_para.dat */,
			);
			path = camera_param;
			sourceTree = "<group>";
		};
		43465E4E1213E9EC00972295 /* include */ = {
			isa = PBXGroup;
			children = (
				0BF61B03160B6F19003ABB97 /* ARToolKitPlus_impl */,
				43465E4F1213E9EC00972295 /* ARToolKitPlus */,
			);
			path = include;
			sourceTree = "<group>";
		};
		43465E4F1213E9EC00972295 /* ARToolKitPlus */ = {
			isa = PBXGroup;
			children = (
				43465E501213E9EC00972295 /* ar.h */,
				43465E511213E9EC00972295 /* arBitFieldPattern.h */,
				43465E521213E9EC00972295 /* arMulti.h */,
				43465E531213E9EC00972295 /* ARToolKitPlus.h */,
				43465E541213E9EC00972295 /* byteSwap.h */,
				43465E551213E9EC00972295 /* Camera.h */,
				43465E561213E9EC00972295 /* CameraAdvImpl.h */,
				43465E571213E9EC00972295 /* CameraFactory.h */,
				43465E581213E9EC00972295 /* CameraImpl.h */,
				43465E591213E9EC00972295 /* config.h */,
				43465E5A1213E9EC00972295 /* extra */,
				43465E5F1213E9EC00972295 /* ImageGrabber.h */,
				43465E601213E9EC00972295 /* Logger.h */,
				43465E611213E9EC00972295 /* matrix.h */,
				43465E621213E9EC00972295 /* MemoryManager.h */,
				43465E631213E9EC00972295 /* MemoryManagerMemMap.h */,
				43465E641213E9EC00972295 /* param.h */,
				43465E651213E9EC00972295 /* Tracker.h */,
				43465E661213E9EC00972295 /* TrackerImpl.h */,
				43465E671213E9EC00972295 /* TrackerMultiMarker.h */,
				43465E681213E9EC00972295 /* TrackerMultiMarkerImpl.h */,
				43465E691213E9EC00972295 /* TrackerSingleMarker.h */,
				43465E6A1213E9EC00972295 /* TrackerSingleMarkerImpl.h */,
				43465E6B1213E9EC00972295 /* vector.h */,
			);
			path = ARToolKitPlus;
			sourceTree = "<group>";
		};
		43465E5A1213E9EC00972295 /* extra */ = {
			isa = PBXGroup;
			children = (
				43465E5B1213E9EC00972295 /* BCH.h */,
				43465E5C1213E9EC00972295 /* GPP.h */,
				0BF61B47160B725E003ABB97 /* Hull.h */,
				43465E5D1213E9EC00972295 /* Profiler.h */,
				43465E5E1213E9EC00972295 /* rpp.h */,
			);
			path = extra;
			sourceTree = "<group>";
		};
		43465E6C1213E9EC00972295 /* src */ = {
			isa = PBXGroup;
			children = (
				0BF61AFD160B6F04003ABB97 /* CameraAdvImpl.cpp */,
				0BF61AFE160B6F04003ABB97 /* CameraFactory.cpp */,
				0BF61AFF160B6F04003ABB97 /* CameraImpl.cpp */,
				0BF61AFB160B6EF8003ABB97 /* core */,
				43465E891213E9EC00972295 /* DLL.cpp */,
				43465E8A1213E9EC00972295 /* extra */,
				43465E901213E9EC00972295 /* librpp */,
				43465E9F1213E9EC00972295 /* math */,
				43465EA41213E9EC00972295 /* MemoryManager.cpp */,
				43465EA51213E9EC00972295 /* MemoryManagerMemMap.cpp */,
				43465EA61213E9EC00972295 /* src.pro */,
			);
			path = src;
			sourceTree = "<group>";
		};
		43465E8A1213E9EC00972295 /* extra */ = {
			isa = PBXGroup;
			children = (
				0BF61AFA160B6EEC003ABB97 /* BCH.cpp */,
				43465E8C1213E9EC00972295 /* BCH_original.txt */,
				0BF61B48160B7288003ABB97 /* Hull.cpp */,
				43465E8D1213E9EC00972295 /* FixedPoint.cpp */,
				43465E8E1213E9EC00972295 /* FixedPoint.h */,
				43465E8F1213E9EC00972295 /* Profiler.cpp */,
			);
			path = extra;
			sourceTree = "<group>";
		};
		43465E901213E9EC00972295 /* librpp */ = {
			isa = PBXGroup;
			children = (
				43465E911213E9EC00972295 /* librpp.cpp */,
				43465E921213E9EC00972295 /* librpp.h */,
				43465E931213E9EC00972295 /* MATLAB */,
				43465E971213E9EC00972295 /* rpp.cpp */,
				43465E981213E9EC00972295 /* rpp.h */,
				43465E991213E9EC00972295 /* rpp_const.h */,
				43465E9A1213E9EC00972295 /* rpp_quintic.cpp */,
				43465E9B1213E9EC00972295 /* rpp_svd.cpp */,
				43465E9C1213E9EC00972295 /* rpp_types.h */,
				43465E9D1213E9EC00972295 /* rpp_vecmat.cpp */,
				43465E9E1213E9EC00972295 /* rpp_vecmat.h */,
			);
			path = librpp;
			sourceTree = "<group>";
		};
		43465E931213E9EC00972295 /* MATLAB */ = {
			isa = PBXGroup;
			children = (
				43465E941213E9EC00972295 /* build_robust_pose.m */,
				43465E951213E9EC00972295 /* robust_pose.cpp */,
				43465E961213E9EC00972295 /* test_robust_pose.m */,
			);
			path = MATLAB;
			sourceTree = "<group>";
		};
		43465E9F1213E9EC00972295 /* math */ = {
			isa = PBXGroup;
			children = (
				43465EA01213E9EC00972295 /* artkpFixedBase_generic.h */,
				43465EA11213E9EC00972295 /* artkpFixedBase_gpp.h */,
				43465EA21213E9EC00972295 /* artkpFloat_fixed.h */,
				43465EA31213E9EC00972295 /* artkpFloat_float.h */,
			);
			path = math;
			sourceTree = "<group>";
		};
		43465ED81213E9FF00972295 /* Classes */ = {
			isa = PBXGroup;
			children = (
				43465ED91213E9FF00972295 /* ARToolKitPlusWrapper.h */,
				43465EDA1213E9FF00972295 /* ARToolKitPlusWrapper.mm */,
				43465EDB1213E9FF00972295 /* VRApiAppDelegate.h */,
				43465EDC1213E9FF00972295 /* VRApiAppDelegate.m */,
				43465EDD1213E9FF00972295 /* EAGLView.h */,
				43465EDE1213E9FF00972295 /* EAGLView.m */,
				43465EDF1213E9FF00972295 /* Object3D.h */,
				43465EE01213E9FF00972295 /* Object3D.m */,
				43465EE11213E9FF00972295 /* Object3DParametersViewController.h */,
				43465EE21213E9FF00972295 /* Object3DParametersViewController.m */,
				43465EE31213E9FF00972295 /* Parser3DProtocol.h */,
				43465EE41213E9FF00972295 /* VRViewController.h */,
				43465EE51213E9FF00972295 /* VRViewController.m */,
				43465EE61213E9FF00972295 /* WavefrontParser.h */,
				43465EE71213E9FF00972295 /* WavefrontParser.m */,
				43465EE81213E9FF00972295 /* WavefrontParser2.h */,
				43465EE91213E9FF00972295 /* WavefrontParser2.m */,
				43465EEA1213E9FF00972295 /* XMLParser */,
			);
			path = Classes;
			sourceTree = "<group>";
		};
		43465EEA1213E9FF00972295 /* XMLParser */ = {
			isa = PBXGroup;
			children = (
				43465EEB1213E9FF00972295 /* GDataXMLNode.h */,
				43465EEC1213E9FF00972295 /* GDataXMLNode.m */,
			);
			path = XMLParser;
			sourceTree = "<group>";
		};
		43465EFA1213EA0A00972295 /* nib */ = {
			isa = PBXGroup;
			children = (
				43465EFB1213EA0A00972295 /* VRViewController.xib */,
				43465EFC1213EA0A00972295 /* MainWindow.xib */,
				43465EFD1213EA0A00972295 /* Object3DParametersViewController.xib */,
			);
			path = nib;
			sourceTree = "<group>";
		};
		43465F031213EA4000972295 /* Ressources */ = {
			isa = PBXGroup;
			children = (
				4364C56B121ACCA800E7393F /* icone.gif */,
				43465F041213EA4000972295 /* animate.png */,
				43465F051213EA4000972295 /* cross.png */,
				43465F061213EA4000972295 /* envelope.png */,
				43465F071213EA4000972295 /* gear.png */,
				43465F081213EA4000972295 /* save.png */,
				43465F161213EBA200972295 /* VRToolKit-Info.plist */,
			);
			path = Ressources;
			sourceTree = "<group>";
		};
		43465FC31213F1DB00972295 /* 3DModels */ = {
			isa = PBXGroup;
			children = (
				43465FC41213F1DB00972295 /* apple */,
				43465FC91213F1DB00972295 /* banana */,
				43465FCE1213F1DB00972295 /* cube */,
				43465FD21213F1DB00972295 /* eiffel */,
				43465FD61213F1DB00972295 /* models.plist */,
				43465FD71213F1DB00972295 /* plane */,
			);
			path = 3DModels;
			sourceTree = "<group>";
		};
		43465FC41213F1DB00972295 /* apple */ = {
			isa = PBXGroup;
			children = (
				43465FC51213F1DB00972295 /* apple.h */,
				43465FC61213F1DB00972295 /* apple.obj */,
				43465FC71213F1DB00972295 /* apple.png */,
				43465FC81213F1DB00972295 /* apple.xml */,
			);
			path = apple;
			sourceTree = "<group>";
		};
		43465FC91213F1DB00972295 /* banana */ = {
			isa = PBXGroup;
			children = (
				43465FCA1213F1DB00972295 /* banana.h */,
				43465FCB1213F1DB00972295 /* banana.jpg */,
				43465FCC1213F1DB00972295 /* banana.obj */,
				43465FCD1213F1DB00972295 /* banana.xml */,
			);
			path = banana;
			sourceTree = "<group>";
		};
		43465FCE1213F1DB00972295 /* cube */ = {
			isa = PBXGroup;
			children = (
				43465FCF1213F1DB00972295 /* cube.h */,
				43465FD01213F1DB00972295 /* cube.obj */,
				43465FD11213F1DB00972295 /* cube.xml */,
			);
			path = cube;
			sourceTree = "<group>";
		};
		43465FD21213F1DB00972295 /* eiffel */ = {
			isa = PBXGroup;
			children = (
				43465FD31213F1DB00972295 /* eiffel.h */,
				43465FD41213F1DB00972295 /* eiffel.obj */,
				43465FD51213F1DB00972295 /* eiffel.xml */,
			);
			path = eiffel;
			sourceTree = "<group>";
		};
		43465FD71213F1DB00972295 /* plane */ = {
			isa = PBXGroup;
			children = (
				43465FD81213F1DB00972295 /* plane.h */,
				43465FD91213F1DB00972295 /* plane.obj */,
				43465FDA1213F1DB00972295 /* plane.xml */,
			);
			path = plane;
			sourceTree = "<group>";
		};
/* End PBXGroup section */

/* Begin PBXNativeTarget section */
		1D6058900D05DD3D006BFB54 /* VRToolKit */ = {
			isa = PBXNativeTarget;
			buildConfigurationList = 1D6058960D05DD3E006BFB54 /* Build configuration list for PBXNativeTarget "VRToolKit" */;
			buildPhases = (
				1D60588D0D05DD3D006BFB54 /* Resources */,
				1D60588E0D05DD3D006BFB54 /* Sources */,
				1D60588F0D05DD3D006BFB54 /* Frameworks */,
			);
			buildRules = (
			);
			dependencies = (
			);
			name = VRToolKit;
			productName = VRToolKit;
			productReference = 1D6058910D05DD3D006BFB54 /* VRToolKit.app */;
			productType = "com.apple.product-type.application";
		};
/* End PBXNativeTarget section */

/* Begin PBXProject section */
		29B97313FDCFA39411CA2CEA /* Project object */ = {
			isa = PBXProject;
			attributes = {
				LastUpgradeCheck = 0420;
			};
			buildConfigurationList = C01FCF4E08A954540054247B /* Build configuration list for PBXProject "VRToolKit" */;
			compatibilityVersion = "Xcode 3.2";
			developmentRegion = English;
			hasScannedForEncodings = 1;
			knownRegions = (
				en,
			);
			mainGroup = 29B97314FDCFA39411CA2CEA /* CustomTemplate */;
			projectDirPath = "";
			projectRoot = "";
			targets = (
				1D6058900D05DD3D006BFB54 /* VRToolKit */,
				434C420012199B1800EF706E /* Generate documentation */,
			);
		};
/* End PBXProject section */

/* Begin PBXResourcesBuildPhase section */
		1D60588D0D05DD3D006BFB54 /* Resources */ = {
			isa = PBXResourcesBuildPhase;
			buildActionMask = 2147483647;
			files = (
				43465EAA1213E9EC00972295 /* camera_para.dat in Resources */,
				43465EC71213E9EC00972295 /* BCH_original.txt in Resources */,
				43465ED41213E9EC00972295 /* src.pro in Resources */,
				43465EFE1213EA0A00972295 /* VRViewController.xib in Resources */,
				43465EFF1213EA0A00972295 /* MainWindow.xib in Resources */,
				43465F001213EA0A00972295 /* Object3DParametersViewController.xib in Resources */,
				43465F0A1213EA4000972295 /* animate.png in Resources */,
				43465F0B1213EA4000972295 /* cross.png in Resources */,
				43465F0C1213EA4000972295 /* envelope.png in Resources */,
				43465F0D1213EA4000972295 /* gear.png in Resources */,
				43465F0E1213EA4000972295 /* save.png in Resources */,
				43465FDB1213F1DB00972295 /* apple.obj in Resources */,
				43465FDC1213F1DB00972295 /* apple.png in Resources */,
				43465FDD1213F1DB00972295 /* apple.xml in Resources */,
				43465FDE1213F1DB00972295 /* banana.jpg in Resources */,
				43465FDF1213F1DB00972295 /* banana.obj in Resources */,
				43465FE01213F1DB00972295 /* banana.xml in Resources */,
				43465FE11213F1DB00972295 /* cube.obj in Resources */,
				43465FE21213F1DB00972295 /* cube.xml in Resources */,
				43465FE31213F1DB00972295 /* eiffel.obj in Resources */,
				43465FE41213F1DB00972295 /* eiffel.xml in Resources */,
				43465FE51213F1DB00972295 /* models.plist in Resources */,
				43465FE61213F1DB00972295 /* plane.obj in Resources */,
				43465FE71213F1DB00972295 /* plane.xml in Resources */,
				4364C56C121ACCA800E7393F /* icone.gif in Resources */,
				434D853F12280DB100F6AA0F /* COPYING in Resources */,
			);
			runOnlyForDeploymentPostprocessing = 0;
		};
/* End PBXResourcesBuildPhase section */

/* Begin PBXShellScriptBuildPhase section */
		434C41FF12199B1800EF706E /* ShellScript */ = {
			isa = PBXShellScriptBuildPhase;
			buildActionMask = 2147483647;
			files = (
			);
			inputPaths = (
			);
			outputPaths = (
			);
			runOnlyForDeploymentPostprocessing = 0;
			shellPath = /bin/sh;
			shellScript = "DOXYGEN_PATH=/Applications/Doxygen.app/Contents/Resources/doxygen\nDOXYFILE=$SOURCE_ROOT/../doc/generation_tools/Doxyfile\n\n# Test if Doxygen is installed and can be found\nif ! [ -x \"$DOXYGEN_PATH\" ] ; then\n\techo Documentation Generation:0: error: You must install Doxygen first, see http://www.doxygen.org/download.html#latestsrc\n\texit 1\nfi\n\n# Create a generic Doxyfile if it does not exist yet\nif ! [ -f \"$DOXYFILE\" ] ; then\n  echo doxygen config file does not exist, creating a generic one.\n  \"$DOXYGEN_PATH\" -g \"$DOXYFILE\"\nfi\n\n# Retrieve some info from the Doxyfile (and strip quotes if present)\nDOC_OUT_DIR=$(sed -ne s/\"OUTPUT_DIRECTORY[ \\t]*=[ \\t]*\\(.*\\)\"/\"\\1\"/p \"$DOXYFILE\" | sed -e s/\\\\\\\"//g)\nHTML_OUT_DIR=$(sed -ne s/\"HTML_OUTPUT[ \\t]*=[ \\t]*\\(.*\\)\"/\"\\1\"/p \"$DOXYFILE\" | sed -e s/\\\\\\\"//g)\nXML_OUT_DIR=$(sed -ne s/\"XML_OUTPUT[ \\t]*=[ \\t]*\\(.*\\)\"/\"\\1\"/p \"$DOXYFILE\" | sed -e s/\\\\\\\"//g)\nDOCSET_ID=$(sed -ne s/\"DOCSET_BUNDLE_ID[ \\t]*=[ \\t]*\\(.*\\)\"/\"\\1\"/p \"$DOXYFILE\" | sed -e s/\\\\\\\"//g)\n\nMAKEFILE_PATH=${DOC_OUT_DIR}/${HTML_OUT_DIR}\nDOCSET_PATH=${DOC_OUT_DIR}/${HTML_OUT_DIR}/${DOCSET_ID}.docset\n\n\n\n# Generate the documentation\n\"$DOXYGEN_PATH\" \"$DOXYFILE\"\n\n# Using doxyclean to generate the html\npython $SOURCE_ROOT/../doc/generation_tools/doxyclean/doxyclean.py -i $SOURCE_ROOT/../doc/generation_tools/doxyclean/xml -o $SOURCE_ROOT/../doc/generation_tools/temp -p\nrm -r $SOURCE_ROOT/../doc/code_detailed\nmv $SOURCE_ROOT/../doc/generation_tools/temp/html $SOURCE_ROOT/../doc/code_detailed\nrm -r $SOURCE_ROOT/../doc/generation_tools/temp\nrm -r $SOURCE_ROOT/../doc/generation_tools/doxyclean/xml\nrm -r $SOURCE_ROOT/../doc/generation_tools/doxyclean/html\n\n#\n\n# Build the docset\nif [ -f \"${MAKEFILE_PATH}\"/Makefile ]; then\n\techo\n\techo === Generating DocSet... ===\n\techo Documentation Generation:0: note: Generating DocSet...\n\techo\n\n\tmake -C \"${MAKEFILE_PATH}\"/\n\tosascript -e \"tell application \\\"Xcode\\\" to load documentation set with path \\\"${DOCSET_PATH}\\\" with display\" # Load the docset and display it\nelse\n\techo Documentation Generation:0: warning: The DocSet generation was not configured in the Doxyfile: the DocSet will not be generated.\nfi";
		};
/* End PBXShellScriptBuildPhase section */

/* Begin PBXSourcesBuildPhase section */
		1D60588E0D05DD3D006BFB54 /* Sources */ = {
			isa = PBXSourcesBuildPhase;
			buildActionMask = 2147483647;
			files = (
				1D60589B0D05DD56006BFB54 /* main.m in Sources */,
				43465EC81213E9EC00972295 /* FixedPoint.cpp in Sources */,
				43465EC91213E9EC00972295 /* Profiler.cpp in Sources */,
				43465ECA1213E9EC00972295 /* librpp.cpp in Sources */,
				43465ECE1213E9EC00972295 /* rpp.cpp in Sources */,
				43465ECF1213E9EC00972295 /* rpp_quintic.cpp in Sources */,
				43465ED01213E9EC00972295 /* rpp_svd.cpp in Sources */,
				43465ED11213E9EC00972295 /* rpp_vecmat.cpp in Sources */,
				43465ED21213E9EC00972295 /* MemoryManager.cpp in Sources */,
				43465ED31213E9EC00972295 /* MemoryManagerMemMap.cpp in Sources */,
				43465EED1213E9FF00972295 /* ARToolKitPlusWrapper.mm in Sources */,
				43465EEE1213E9FF00972295 /* VRApiAppDelegate.m in Sources */,
				43465EEF1213E9FF00972295 /* EAGLView.m in Sources */,
				43465EF01213E9FF00972295 /* Object3D.m in Sources */,
				43465EF11213E9FF00972295 /* Object3DParametersViewController.m in Sources */,
				43465EF21213E9FF00972295 /* VRViewController.m in Sources */,
				43465EF31213E9FF00972295 /* WavefrontParser.m in Sources */,
				43465EF51213E9FF00972295 /* GDataXMLNode.m in Sources */,
				0BF61B02160B6F04003ABB97 /* CameraImpl.cpp in Sources */,
				0BF61B49160B7288003ABB97 /* Hull.cpp in Sources */,
				0BF61B4B160B72A4003ABB97 /* CameraFactory.cpp in Sources */,
				0BF61B4C160B72B9003ABB97 /* CameraAdvImpl.cpp in Sources */,
				0BF61B4D160B72C8003ABB97 /* BCH.cpp in Sources */,
				0BF61B4E160B7335003ABB97 /* byteSwap.cpp in Sources */,
			);
			runOnlyForDeploymentPostprocessing = 0;
		};
/* End PBXSourcesBuildPhase section */

/* Begin XCBuildConfiguration section */
		1D6058940D05DD3E006BFB54 /* Debug */ = {
			isa = XCBuildConfiguration;
			buildSettings = {
				ALWAYS_SEARCH_USER_PATHS = NO;
				COPY_PHASE_STRIP = NO;
				GCC_DYNAMIC_NO_PIC = NO;
				GCC_OPTIMIZATION_LEVEL = 0;
				GCC_PRECOMPILE_PREFIX_HEADER = YES;
				GCC_PREFIX_HEADER = VRToolKit_Prefix.pch;
				GCC_VERSION = com.apple.compilers.llvm.clang.1_0;
				HEADER_SEARCH_PATHS = (
					ARToolKitPlus/include,
					/usr/include/libxml2,
				);
				INFOPLIST_FILE = "VRToolKit-Info.plist";
				PRODUCT_NAME = VRToolKit;
				USER_HEADER_SEARCH_PATHS = "";
			};
			name = Debug;
		};
		1D6058950D05DD3E006BFB54 /* Release */ = {
			isa = XCBuildConfiguration;
			buildSettings = {
				ALWAYS_SEARCH_USER_PATHS = NO;
				COPY_PHASE_STRIP = YES;
				GCC_PRECOMPILE_PREFIX_HEADER = YES;
				GCC_PREFIX_HEADER = VRToolKit_Prefix.pch;
				GCC_VERSION = com.apple.compilers.llvm.clang.1_0;
				HEADER_SEARCH_PATHS = (
					ARToolKitPlus/include,
					/usr/include/libxml2,
				);
				INFOPLIST_FILE = "VRToolKit-Info.plist";
				PRODUCT_NAME = VRToolKit;
				USER_HEADER_SEARCH_PATHS = "";
				VALIDATE_PRODUCT = YES;
			};
			name = Release;
		};
		434C420112199B1800EF706E /* Debug */ = {
			isa = XCBuildConfiguration;
			buildSettings = {
				COPY_PHASE_STRIP = NO;
				GCC_DYNAMIC_NO_PIC = NO;
				GCC_OPTIMIZATION_LEVEL = 0;
				GCC_VERSION = com.apple.compilers.llvm.clang.1_0;
				PRODUCT_NAME = "Generate documentation";
			};
			name = Debug;
		};
		434C420212199B1800EF706E /* Release */ = {
			isa = XCBuildConfiguration;
			buildSettings = {
				COPY_PHASE_STRIP = YES;
				DEBUG_INFORMATION_FORMAT = "dwarf-with-dsym";
				GCC_VERSION = com.apple.compilers.llvm.clang.1_0;
				PRODUCT_NAME = "Generate documentation";
				ZERO_LINK = NO;
			};
			name = Release;
		};
		C01FCF4F08A954540054247B /* Debug */ = {
			isa = XCBuildConfiguration;
			buildSettings = {
				ARCHS = "$(ARCHS_STANDARD_32_BIT)";
				"CODE_SIGN_IDENTITY[sdk=iphoneos*]" = "iPhone Developer";
				GCC_C_LANGUAGE_STANDARD = c99;
				GCC_VERSION = com.apple.compilers.llvmgcc42;
				GCC_WARN_ABOUT_RETURN_TYPE = YES;
				GCC_WARN_UNUSED_VARIABLE = YES;
				SDKROOT = iphoneos;
			};
			name = Debug;
		};
		C01FCF5008A954540054247B /* Release */ = {
			isa = XCBuildConfiguration;
			buildSettings = {
				ARCHS = "$(ARCHS_STANDARD_32_BIT)";
				"CODE_SIGN_IDENTITY[sdk=iphoneos*]" = "iPhone Developer";
				GCC_C_LANGUAGE_STANDARD = c99;
				GCC_VERSION = com.apple.compilers.llvmgcc42;
				GCC_WARN_ABOUT_RETURN_TYPE = YES;
				GCC_WARN_UNUSED_VARIABLE = YES;
				OTHER_CFLAGS = "-DNS_BLOCK_ASSERTIONS=1";
				SDKROOT = iphoneos;
			};
			name = Release;
		};
/* End XCBuildConfiguration section */

/* Begin XCConfigurationList section */
		1D6058960D05DD3E006BFB54 /* Build configuration list for PBXNativeTarget "VRToolKit" */ = {
			isa = XCConfigurationList;
			buildConfigurations = (
				1D6058940D05DD3E006BFB54 /* Debug */,
				1D6058950D05DD3E006BFB54 /* Release */,
			);
			defaultConfigurationIsVisible = 0;
			defaultConfigurationName = Release;
		};
		434C420612199B4C00EF706E /* Build configuration list for PBXAggregateTarget "Generate documentation" */ = {
			isa = XCConfigurationList;
			buildConfigurations = (
				434C420112199B1800EF706E /* Debug */,
				434C420212199B1800EF706E /* Release */,
			);
			defaultConfigurationIsVisible = 0;
			defaultConfigurationName = Release;
		};
		C01FCF4E08A954540054247B /* Build configuration list for PBXProject "VRToolKit" */ = {
			isa = XCConfigurationList;
			buildConfigurations = (
				C01FCF4F08A954540054247B /* Debug */,
				C01FCF5008A954540054247B /* Release */,
			);
			defaultConfigurationIsVisible = 0;
			defaultConfigurationName = Release;
		};
/* End XCConfigurationList section */
	};
	rootObject = 29B97313FDCFA39411CA2CEA /* Project object */;
}
